
Microsoft Visual Studio Solution File, Format Version 12.00
# Visual Studio Version 17
VisualStudioVersion = 17.9.34607.119
MinimumVisualStudioVersion = 10.0.40219.1
Project("{F184B08F-C81C-45F6-A57F-5ABD9991F28F}") = "LabWork1", "LabWork1\LabWork1.vbproj", "{A09E7319-232C-4EBB-8326-8654A8509189}"
EndProject
Global
	GlobalSection(SolutionConfigurationPlatforms) = preSolution
		Debug|Any CPU = Debug|Any CPU
		Release|Any CPU = Release|Any CPU
	EndGlobalSection
	GlobalSection(ProjectConfigurationPlatforms) = postSolution
		{A09E7319-232C-4EBB-8326-8654A8509189}.Debug|Any CPU.ActiveCfg = Debug|Any CPU
		{A09E7319-232C-4EBB-8326-8654A8509189}.Debug|Any CPU.Build.0 = Debug|Any CPU
		{A09E7319-232C-4EBB-8326-8654A8509189}.Release|Any CPU.ActiveCfg = Release|Any CPU
		{A09E7319-232C-4EBB-8326-8654A8509189}.Release|Any CPU.Build.0 = Release|Any CPU
	EndGlobalSection
	GlobalSection(SolutionProperties) = preSolution
		HideSolutionNode = FALSE
	EndGlobalSection
	GlobalSection(ExtensibilityGlobals) = postSolution
		SolutionGuid = {C978C4B6-2E28-4D5F-BF22-FABF2ECB2DD0}
	EndGlobalSection
EndGlobal
